// !$*UTF8*$!
{
	archiveVersion = 1;
	classes = {
	};
	objectVersion = 46;
	objects = {

/* Begin PBXBuildFile section */
		192F1D27191E483800D98CB6 /* PDFDocument.m in Sources */ = {isa = PBXBuildFile; fileRef = 192F1D26191E483800D98CB6 /* PDFDocument.m */; };
		198712FE192FF5A60022A279 /* PDFStreamDecoder.m in Sources */ = {isa = PBXBuildFile; fileRef = 198712FD192FF5A60022A279 /* PDFStreamDecoder.m */; };
		19871301192FFB290022A279 /* PDFObjectReference.m in Sources */ = {isa = PBXBuildFile; fileRef = 19871300192FFB290022A279 /* PDFObjectReference.m */; };
		198807661929F2F300D2770D /* PDFObject.m in Sources */ = {isa = PBXBuildFile; fileRef = 198807651929F2F300D2770D /* PDFObject.m */; };
		198868F81931FE0200A43AF3 /* libz.dylib in Frameworks */ = {isa = PBXBuildFile; fileRef = 198868F71931FE0200A43AF3 /* libz.dylib */; };
		198A6A3E194C885E0085588C /* XCTest.framework in Frameworks */ = {isa = PBXBuildFile; fileRef = 198A6A3D194C885E0085588C /* XCTest.framework */; };
		198A6A44194C885E0085588C /* InfoPlist.strings in Resources */ = {isa = PBXBuildFile; fileRef = 198A6A42194C885E0085588C /* InfoPlist.strings */; };
		198A6A46194C885E0085588C /* Parser_Tests.m in Sources */ = {isa = PBXBuildFile; fileRef = 198A6A45194C885E0085588C /* Parser_Tests.m */; };
		198A6A4D194C88CC0085588C /* Utils.c in Sources */ = {isa = PBXBuildFile; fileRef = 1991B7BF192D4A4C009C06FC /* Utils.c */; };
		198A6A4E194C8B300085588C /* PDFObject.m in Sources */ = {isa = PBXBuildFile; fileRef = 198807651929F2F300D2770D /* PDFObject.m */; };
		198A6A4F194C8E3C0085588C /* PDFNumber.m in Sources */ = {isa = PBXBuildFile; fileRef = 19D8FF461933FB79003D557C /* PDFNumber.m */; };
		198A6A50194C8E3C0085588C /* PDFDictionary.m in Sources */ = {isa = PBXBuildFile; fileRef = 198E62411933420700D8C4D7 /* PDFDictionary.m */; };
		198A6A51194C8E510085588C /* PDFStreamDecoder.m in Sources */ = {isa = PBXBuildFile; fileRef = 198712FD192FF5A60022A279 /* PDFStreamDecoder.m */; };
		198A6A52194C8E510085588C /* PDFObjectReference.m in Sources */ = {isa = PBXBuildFile; fileRef = 19871300192FFB290022A279 /* PDFObjectReference.m */; };
		198A6A53194C8E980085588C /* libz.dylib in Frameworks */ = {isa = PBXBuildFile; fileRef = 198868F71931FE0200A43AF3 /* libz.dylib */; };
		198DDE8C191E279B00B11929 /* Foundation.framework in Frameworks */ = {isa = PBXBuildFile; fileRef = 198DDE8B191E279B00B11929 /* Foundation.framework */; };
		198DDE8F191E279B00B11929 /* main.m in Sources */ = {isa = PBXBuildFile; fileRef = 198DDE8E191E279B00B11929 /* main.m */; };
		198DDE93191E279B00B11929 /* Parser.1 in CopyFiles */ = {isa = PBXBuildFile; fileRef = 198DDE92191E279B00B11929 /* Parser.1 */; };
		198E62421933420700D8C4D7 /* PDFDictionary.m in Sources */ = {isa = PBXBuildFile; fileRef = 198E62411933420700D8C4D7 /* PDFDictionary.m */; };
		198E62451933422400D8C4D7 /* PDFArray.m in Sources */ = {isa = PBXBuildFile; fileRef = 198E62441933422400D8C4D7 /* PDFArray.m */; };
		198E6248193342AF00D8C4D7 /* PDFString.m in Sources */ = {isa = PBXBuildFile; fileRef = 198E6247193342AF00D8C4D7 /* PDFString.m */; };
		198E624B193342C900D8C4D7 /* PDFHexString.m in Sources */ = {isa = PBXBuildFile; fileRef = 198E624A193342C900D8C4D7 /* PDFHexString.m */; };
		198E624E19334C8200D8C4D7 /* PDFBool.m in Sources */ = {isa = PBXBuildFile; fileRef = 198E624D19334C8200D8C4D7 /* PDFBool.m */; };
		198E62511933563100D8C4D7 /* PDFName.m in Sources */ = {isa = PBXBuildFile; fileRef = 198E62501933563100D8C4D7 /* PDFName.m */; };
		1991B7C0192D4A4C009C06FC /* Utils.c in Sources */ = {isa = PBXBuildFile; fileRef = 1991B7BF192D4A4C009C06FC /* Utils.c */; };
		19958FC41935C3880018467C /* PDFPages.m in Sources */ = {isa = PBXBuildFile; fileRef = 19958FC31935C3880018467C /* PDFPages.m */; };
		19C2C539194C981500F6D35D /* PDFName.m in Sources */ = {isa = PBXBuildFile; fileRef = 198E62501933563100D8C4D7 /* PDFName.m */; };
		19C2C53A194CA54000F6D35D /* PDFBool.m in Sources */ = {isa = PBXBuildFile; fileRef = 198E624D19334C8200D8C4D7 /* PDFBool.m */; };
		19C2C53B194CA78900F6D35D /* PDFString.m in Sources */ = {isa = PBXBuildFile; fileRef = 198E6247193342AF00D8C4D7 /* PDFString.m */; };
		19C2C53C194CC0D800F6D35D /* PDFArray.m in Sources */ = {isa = PBXBuildFile; fileRef = 198E62441933422400D8C4D7 /* PDFArray.m */; };
		19C2C53D194CC0DF00F6D35D /* PDFHexString.m in Sources */ = {isa = PBXBuildFile; fileRef = 198E624A193342C900D8C4D7 /* PDFHexString.m */; };
		19D8FF471933FB79003D557C /* PDFNumber.m in Sources */ = {isa = PBXBuildFile; fileRef = 19D8FF461933FB79003D557C /* PDFNumber.m */; };
		3EC10EA61C62CA140079C21C /* pdf.m in Sources */ = {isa = PBXBuildFile; fileRef = 3EC10EA51C62CA140079C21C /* pdf.m */; };
/* End PBXBuildFile section */

/* Begin PBXContainerItemProxy section */
		198A6A48194C885E0085588C /* PBXContainerItemProxy */ = {
			isa = PBXContainerItemProxy;
			containerPortal = 198DDE80191E279B00B11929 /* Project object */;
			proxyType = 1;
			remoteGlobalIDString = 198DDE87191E279B00B11929;
			remoteInfo = Parser;
		};
/* End PBXContainerItemProxy section */

/* Begin PBXCopyFilesBuildPhase section */
		198DDE86191E279B00B11929 /* CopyFiles */ = {
			isa = PBXCopyFilesBuildPhase;
			buildActionMask = 2147483647;
			dstPath = /usr/share/man/man1/;
			dstSubfolderSpec = 0;
			files = (
				198DDE93191E279B00B11929 /* Parser.1 in CopyFiles */,
			);
			runOnlyForDeploymentPostprocessing = 1;
		};
/* End PBXCopyFilesBuildPhase section */

/* Begin PBXFileReference section */
		192F1D25191E483800D98CB6 /* PDFDocument.h */ = {isa = PBXFileReference; fileEncoding = 4; lastKnownFileType = sourcecode.c.h; name = PDFDocument.h; path = ../PDFDocument.h; sourceTree = "<group>"; };
		192F1D26191E483800D98CB6 /* PDFDocument.m */ = {isa = PBXFileReference; fileEncoding = 4; lastKnownFileType = sourcecode.c.objc; name = PDFDocument.m; path = ../PDFDocument.m; sourceTree = "<group>"; };
		198712FC192FF5A60022A279 /* PDFStreamDecoder.h */ = {isa = PBXFileReference; fileEncoding = 4; lastKnownFileType = sourcecode.c.h; name = PDFStreamDecoder.h; path = ../PDFStreamDecoder.h; sourceTree = "<group>"; };
		198712FD192FF5A60022A279 /* PDFStreamDecoder.m */ = {isa = PBXFileReference; fileEncoding = 4; lastKnownFileType = sourcecode.c.objc; name = PDFStreamDecoder.m; path = ../PDFStreamDecoder.m; sourceTree = "<group>"; };
		198712FF192FFB290022A279 /* PDFObjectReference.h */ = {isa = PBXFileReference; fileEncoding = 4; lastKnownFileType = sourcecode.c.h; name = PDFObjectReference.h; path = ../PDFObjectReference.h; sourceTree = "<group>"; };
		19871300192FFB290022A279 /* PDFObjectReference.m */ = {isa = PBXFileReference; fileEncoding = 4; lastKnownFileType = sourcecode.c.objc; name = PDFObjectReference.m; path = ../PDFObjectReference.m; sourceTree = "<group>"; };
		198807641929F2F300D2770D /* PDFObject.h */ = {isa = PBXFileReference; fileEncoding = 4; lastKnownFileType = sourcecode.c.h; name = PDFObject.h; path = ../PDFObject.h; sourceTree = "<group>"; };
		198807651929F2F300D2770D /* PDFObject.m */ = {isa = PBXFileReference; fileEncoding = 4; lastKnownFileType = sourcecode.c.objc; name = PDFObject.m; path = ../PDFObject.m; sourceTree = "<group>"; };
		198868F71931FE0200A43AF3 /* libz.dylib */ = {isa = PBXFileReference; lastKnownFileType = "compiled.mach-o.dylib"; name = libz.dylib; path = usr/lib/libz.dylib; sourceTree = SDKROOT; };
		198A6A3C194C885E0085588C /* Parser Tests.xctest */ = {isa = PBXFileReference; explicitFileType = wrapper.cfbundle; includeInIndex = 0; path = "Parser Tests.xctest"; sourceTree = BUILT_PRODUCTS_DIR; };
		198A6A3D194C885E0085588C /* XCTest.framework */ = {isa = PBXFileReference; lastKnownFileType = wrapper.framework; name = XCTest.framework; path = Library/Frameworks/XCTest.framework; sourceTree = DEVELOPER_DIR; };
		198A6A41194C885E0085588C /* Parser Tests-Info.plist */ = {isa = PBXFileReference; lastKnownFileType = text.plist.xml; path = "Parser Tests-Info.plist"; sourceTree = "<group>"; };
		198A6A43194C885E0085588C /* en */ = {isa = PBXFileReference; lastKnownFileType = text.plist.strings; name = en; path = en.lproj/InfoPlist.strings; sourceTree = "<group>"; };
		198A6A45194C885E0085588C /* Parser_Tests.m */ = {isa = PBXFileReference; lastKnownFileType = sourcecode.c.objc; path = Parser_Tests.m; sourceTree = "<group>"; };
		198A6A47194C885E0085588C /* Parser Tests-Prefix.pch */ = {isa = PBXFileReference; lastKnownFileType = sourcecode.c.h; path = "Parser Tests-Prefix.pch"; sourceTree = "<group>"; };
		198DDE88191E279B00B11929 /* Parser */ = {isa = PBXFileReference; explicitFileType = "compiled.mach-o.executable"; includeInIndex = 0; path = Parser; sourceTree = BUILT_PRODUCTS_DIR; };
		198DDE8B191E279B00B11929 /* Foundation.framework */ = {isa = PBXFileReference; lastKnownFileType = wrapper.framework; name = Foundation.framework; path = System/Library/Frameworks/Foundation.framework; sourceTree = SDKROOT; };
		198DDE8E191E279B00B11929 /* main.m */ = {isa = PBXFileReference; lastKnownFileType = sourcecode.c.objc; path = main.m; sourceTree = "<group>"; };
		198DDE91191E279B00B11929 /* Parser-Prefix.pch */ = {isa = PBXFileReference; lastKnownFileType = sourcecode.c.h; path = "Parser-Prefix.pch"; sourceTree = "<group>"; };
		198DDE92191E279B00B11929 /* Parser.1 */ = {isa = PBXFileReference; lastKnownFileType = text.man; path = Parser.1; sourceTree = "<group>"; };
		198E62401933420700D8C4D7 /* PDFDictionary.h */ = {isa = PBXFileReference; fileEncoding = 4; lastKnownFileType = sourcecode.c.h; name = PDFDictionary.h; path = ../PDFDictionary.h; sourceTree = "<group>"; };
		198E62411933420700D8C4D7 /* PDFDictionary.m */ = {isa = PBXFileReference; fileEncoding = 4; lastKnownFileType = sourcecode.c.objc; name = PDFDictionary.m; path = ../PDFDictionary.m; sourceTree = "<group>"; };
		198E62431933422400D8C4D7 /* PDFArray.h */ = {isa = PBXFileReference; fileEncoding = 4; lastKnownFileType = sourcecode.c.h; name = PDFArray.h; path = ../PDFArray.h; sourceTree = "<group>"; };
		198E62441933422400D8C4D7 /* PDFArray.m */ = {isa = PBXFileReference; fileEncoding = 4; lastKnownFileType = sourcecode.c.objc; name = PDFArray.m; path = ../PDFArray.m; sourceTree = "<group>"; };
		198E6246193342AF00D8C4D7 /* PDFString.h */ = {isa = PBXFileReference; fileEncoding = 4; lastKnownFileType = sourcecode.c.h; name = PDFString.h; path = ../PDFString.h; sourceTree = "<group>"; };
		198E6247193342AF00D8C4D7 /* PDFString.m */ = {isa = PBXFileReference; fileEncoding = 4; lastKnownFileType = sourcecode.c.objc; name = PDFString.m; path = ../PDFString.m; sourceTree = "<group>"; };
		198E6249193342C900D8C4D7 /* PDFHexString.h */ = {isa = PBXFileReference; fileEncoding = 4; lastKnownFileType = sourcecode.c.h; name = PDFHexString.h; path = ../PDFHexString.h; sourceTree = "<group>"; };
		198E624A193342C900D8C4D7 /* PDFHexString.m */ = {isa = PBXFileReference; fileEncoding = 4; lastKnownFileType = sourcecode.c.objc; name = PDFHexString.m; path = ../PDFHexString.m; sourceTree = "<group>"; };
		198E624C19334C8200D8C4D7 /* PDFBool.h */ = {isa = PBXFileReference; fileEncoding = 4; lastKnownFileType = sourcecode.c.h; name = PDFBool.h; path = ../PDFBool.h; sourceTree = "<group>"; };
		198E624D19334C8200D8C4D7 /* PDFBool.m */ = {isa = PBXFileReference; fileEncoding = 4; lastKnownFileType = sourcecode.c.objc; name = PDFBool.m; path = ../PDFBool.m; sourceTree = "<group>"; };
		198E624F1933563100D8C4D7 /* PDFName.h */ = {isa = PBXFileReference; fileEncoding = 4; lastKnownFileType = sourcecode.c.h; name = PDFName.h; path = ../PDFName.h; sourceTree = "<group>"; };
		198E62501933563100D8C4D7 /* PDFName.m */ = {isa = PBXFileReference; fileEncoding = 4; lastKnownFileType = sourcecode.c.objc; name = PDFName.m; path = ../PDFName.m; sourceTree = "<group>"; };
		1991B7BE192D4A1B009C06FC /* Utils.h */ = {isa = PBXFileReference; fileEncoding = 4; lastKnownFileType = sourcecode.c.h; name = Utils.h; path = ../Utils.h; sourceTree = "<group>"; };
		1991B7BF192D4A4C009C06FC /* Utils.c */ = {isa = PBXFileReference; fileEncoding = 4; lastKnownFileType = sourcecode.c.c; name = Utils.c; path = ../Utils.c; sourceTree = "<group>"; };
		19958FC21935C3880018467C /* PDFPages.h */ = {isa = PBXFileReference; fileEncoding = 4; lastKnownFileType = sourcecode.c.h; name = PDFPages.h; path = ../PDFPages.h; sourceTree = "<group>"; };
		19958FC31935C3880018467C /* PDFPages.m */ = {isa = PBXFileReference; fileEncoding = 4; lastKnownFileType = sourcecode.c.objc; name = PDFPages.m; path = ../PDFPages.m; sourceTree = "<group>"; };
		19D8FF451933FB79003D557C /* PDFNumber.h */ = {isa = PBXFileReference; fileEncoding = 4; lastKnownFileType = sourcecode.c.h; name = PDFNumber.h; path = ../PDFNumber.h; sourceTree = "<group>"; };
		19D8FF461933FB79003D557C /* PDFNumber.m */ = {isa = PBXFileReference; fileEncoding = 4; lastKnownFileType = sourcecode.c.objc; name = PDFNumber.m; path = ../PDFNumber.m; sourceTree = "<group>"; };
		3EC10EA41C62CA140079C21C /* pdf.h */ = {isa = PBXFileReference; fileEncoding = 4; lastKnownFileType = sourcecode.c.h; path = pdf.h; sourceTree = "<group>"; };
		3EC10EA51C62CA140079C21C /* pdf.m */ = {isa = PBXFileReference; fileEncoding = 4; lastKnownFileType = sourcecode.c.objc; path = pdf.m; sourceTree = "<group>"; };
/* End PBXFileReference section */

/* Begin PBXFrameworksBuildPhase section */
		198A6A39194C885E0085588C /* Frameworks */ = {
			isa = PBXFrameworksBuildPhase;
			buildActionMask = 2147483647;
			files = (
				198A6A53194C8E980085588C /* libz.dylib in Frameworks */,
				198A6A3E194C885E0085588C /* XCTest.framework in Frameworks */,
			);
			runOnlyForDeploymentPostprocessing = 0;
		};
		198DDE85191E279B00B11929 /* Frameworks */ = {
			isa = PBXFrameworksBuildPhase;
			buildActionMask = 2147483647;
			files = (
				198868F81931FE0200A43AF3 /* libz.dylib in Frameworks */,
				198DDE8C191E279B00B11929 /* Foundation.framework in Frameworks */,
			);
			runOnlyForDeploymentPostprocessing = 0;
		};
/* End PBXFrameworksBuildPhase section */

/* Begin PBXGroup section */
		198A6A3F194C885E0085588C /* Parser Tests */ = {
			isa = PBXGroup;
			children = (
				198A6A45194C885E0085588C /* Parser_Tests.m */,
				198A6A40194C885E0085588C /* Supporting Files */,
			);
			path = "Parser Tests";
			sourceTree = "<group>";
		};
		198A6A40194C885E0085588C /* Supporting Files */ = {
			isa = PBXGroup;
			children = (
				198A6A41194C885E0085588C /* Parser Tests-Info.plist */,
				198A6A42194C885E0085588C /* InfoPlist.strings */,
				198A6A47194C885E0085588C /* Parser Tests-Prefix.pch */,
			);
			name = "Supporting Files";
			sourceTree = "<group>";
		};
		198DDE7F191E279B00B11929 = {
			isa = PBXGroup;
			children = (
				198DDE8D191E279B00B11929 /* Parser */,
				198A6A3F194C885E0085588C /* Parser Tests */,
				198DDE8A191E279B00B11929 /* Frameworks */,
				198DDE89191E279B00B11929 /* Products */,
			);
			sourceTree = "<group>";
		};
		198DDE89191E279B00B11929 /* Products */ = {
			isa = PBXGroup;
			children = (
				198DDE88191E279B00B11929 /* Parser */,
				198A6A3C194C885E0085588C /* Parser Tests.xctest */,
			);
			name = Products;
			sourceTree = "<group>";
		};
		198DDE8A191E279B00B11929 /* Frameworks */ = {
			isa = PBXGroup;
			children = (
				198868F71931FE0200A43AF3 /* libz.dylib */,
				198DDE8B191E279B00B11929 /* Foundation.framework */,
				198A6A3D194C885E0085588C /* XCTest.framework */,
			);
			name = Frameworks;
			sourceTree = "<group>";
		};
		198DDE8D191E279B00B11929 /* Parser */ = {
			isa = PBXGroup;
			children = (
				19D8FF451933FB79003D557C /* PDFNumber.h */,
				19D8FF461933FB79003D557C /* PDFNumber.m */,
				1991B7BE192D4A1B009C06FC /* Utils.h */,
				1991B7BF192D4A4C009C06FC /* Utils.c */,
				198807641929F2F300D2770D /* PDFObject.h */,
				198807651929F2F300D2770D /* PDFObject.m */,
				198E624F1933563100D8C4D7 /* PDFName.h */,
				198E62501933563100D8C4D7 /* PDFName.m */,
				198E624C19334C8200D8C4D7 /* PDFBool.h */,
				198E624D19334C8200D8C4D7 /* PDFBool.m */,
				192F1D25191E483800D98CB6 /* PDFDocument.h */,
				192F1D26191E483800D98CB6 /* PDFDocument.m */,
				19958FC21935C3880018467C /* PDFPages.h */,
				19958FC31935C3880018467C /* PDFPages.m */,
				198712FC192FF5A60022A279 /* PDFStreamDecoder.h */,
				198712FD192FF5A60022A279 /* PDFStreamDecoder.m */,
				198712FF192FFB290022A279 /* PDFObjectReference.h */,
				19871300192FFB290022A279 /* PDFObjectReference.m */,
				198E6246193342AF00D8C4D7 /* PDFString.h */,
				198E6247193342AF00D8C4D7 /* PDFString.m */,
				198E6249193342C900D8C4D7 /* PDFHexString.h */,
				198E624A193342C900D8C4D7 /* PDFHexString.m */,
				198E62401933420700D8C4D7 /* PDFDictionary.h */,
				198E62411933420700D8C4D7 /* PDFDictionary.m */,
				198E62431933422400D8C4D7 /* PDFArray.h */,
				198E62441933422400D8C4D7 /* PDFArray.m */,
				3EC10EA41C62CA140079C21C /* pdf.h */,
				3EC10EA51C62CA140079C21C /* pdf.m */,
				198DDE8E191E279B00B11929 /* main.m */,
				198DDE92191E279B00B11929 /* Parser.1 */,
				198DDE90191E279B00B11929 /* Supporting Files */,
			);
			path = Parser;
			sourceTree = "<group>";
		};
		198DDE90191E279B00B11929 /* Supporting Files */ = {
			isa = PBXGroup;
			children = (
				198DDE91191E279B00B11929 /* Parser-Prefix.pch */,
			);
			name = "Supporting Files";
			sourceTree = "<group>";
		};
/* End PBXGroup section */

/* Begin PBXNativeTarget section */
		198A6A3B194C885E0085588C /* Parser Tests */ = {
			isa = PBXNativeTarget;
			buildConfigurationList = 198A6A4C194C885E0085588C /* Build configuration list for PBXNativeTarget "Parser Tests" */;
			buildPhases = (
				198A6A38194C885E0085588C /* Sources */,
				198A6A39194C885E0085588C /* Frameworks */,
				198A6A3A194C885E0085588C /* Resources */,
			);
			buildRules = (
			);
			dependencies = (
				198A6A49194C885E0085588C /* PBXTargetDependency */,
			);
			name = "Parser Tests";
			productName = "Parser Tests";
			productReference = 198A6A3C194C885E0085588C /* Parser Tests.xctest */;
			productType = "com.apple.product-type.bundle.unit-test";
		};
		198DDE87191E279B00B11929 /* Parser */ = {
			isa = PBXNativeTarget;
			buildConfigurationList = 198DDE96191E279B00B11929 /* Build configuration list for PBXNativeTarget "Parser" */;
			buildPhases = (
				198DDE84191E279B00B11929 /* Sources */,
				198DDE85191E279B00B11929 /* Frameworks */,
				198DDE86191E279B00B11929 /* CopyFiles */,
			);
			buildRules = (
			);
			dependencies = (
			);
			name = Parser;
			productName = Parser;
			productReference = 198DDE88191E279B00B11929 /* Parser */;
			productType = "com.apple.product-type.tool";
		};
/* End PBXNativeTarget section */

/* Begin PBXProject section */
		198DDE80191E279B00B11929 /* Project object */ = {
			isa = PBXProject;
			attributes = {
				LastUpgradeCheck = 0510;
				ORGANIZATIONNAME = Ptenster;
				TargetAttributes = {
					198A6A3B194C885E0085588C = {
						TestTargetID = 198DDE87191E279B00B11929;
					};
				};
			};
			buildConfigurationList = 198DDE83191E279B00B11929 /* Build configuration list for PBXProject "Parser" */;
			compatibilityVersion = "Xcode 3.2";
			developmentRegion = English;
			hasScannedForEncodings = 0;
			knownRegions = (
				en,
			);
			mainGroup = 198DDE7F191E279B00B11929;
			productRefGroup = 198DDE89191E279B00B11929 /* Products */;
			projectDirPath = "";
			projectRoot = "";
			targets = (
				198DDE87191E279B00B11929 /* Parser */,
				198A6A3B194C885E0085588C /* Parser Tests */,
			);
		};
/* End PBXProject section */

/* Begin PBXResourcesBuildPhase section */
		198A6A3A194C885E0085588C /* Resources */ = {
			isa = PBXResourcesBuildPhase;
			buildActionMask = 2147483647;
			files = (
				198A6A44194C885E0085588C /* InfoPlist.strings in Resources */,
			);
			runOnlyForDeploymentPostprocessing = 0;
		};
/* End PBXResourcesBuildPhase section */

/* Begin PBXSourcesBuildPhase section */
		198A6A38194C885E0085588C /* Sources */ = {
			isa = PBXSourcesBuildPhase;
			buildActionMask = 2147483647;
			files = (
				198A6A4E194C8B300085588C /* PDFObject.m in Sources */,
				19C2C53A194CA54000F6D35D /* PDFBool.m in Sources */,
				198A6A51194C8E510085588C /* PDFStreamDecoder.m in Sources */,
				19C2C53D194CC0DF00F6D35D /* PDFHexString.m in Sources */,
				19C2C53C194CC0D800F6D35D /* PDFArray.m in Sources */,
				198A6A4F194C8E3C0085588C /* PDFNumber.m in Sources */,
				198A6A46194C885E0085588C /* Parser_Tests.m in Sources */,
				198A6A50194C8E3C0085588C /* PDFDictionary.m in Sources */,
				198A6A4D194C88CC0085588C /* Utils.c in Sources */,
				198A6A52194C8E510085588C /* PDFObjectReference.m in Sources */,
				19C2C539194C981500F6D35D /* PDFName.m in Sources */,
				19C2C53B194CA78900F6D35D /* PDFString.m in Sources */,
			);
			runOnlyForDeploymentPostprocessing = 0;
		};
		198DDE84191E279B00B11929 /* Sources */ = {
			isa = PBXSourcesBuildPhase;
			buildActionMask = 2147483647;
			files = (
				198DDE8F191E279B00B11929 /* main.m in Sources */,
				198712FE192FF5A60022A279 /* PDFStreamDecoder.m in Sources */,
				198E62421933420700D8C4D7 /* PDFDictionary.m in Sources */,
				3EC10EA61C62CA140079C21C /* pdf.m in Sources */,
				19958FC41935C3880018467C /* PDFPages.m in Sources */,
				1991B7C0192D4A4C009C06FC /* Utils.c in Sources */,
				198807661929F2F300D2770D /* PDFObject.m in Sources */,
				198E6248193342AF00D8C4D7 /* PDFString.m in Sources */,
				192F1D27191E483800D98CB6 /* PDFDocument.m in Sources */,
				198E62511933563100D8C4D7 /* PDFName.m in Sources */,
				19871301192FFB290022A279 /* PDFObjectReference.m in Sources */,
				198E624B193342C900D8C4D7 /* PDFHexString.m in Sources */,
				198E62451933422400D8C4D7 /* PDFArray.m in Sources */,
				198E624E19334C8200D8C4D7 /* PDFBool.m in Sources */,
				19D8FF471933FB79003D557C /* PDFNumber.m in Sources */,
			);
			runOnlyForDeploymentPostprocessing = 0;
		};
/* End PBXSourcesBuildPhase section */

/* Begin PBXTargetDependency section */
		198A6A49194C885E0085588C /* PBXTargetDependency */ = {
			isa = PBXTargetDependency;
			target = 198DDE87191E279B00B11929 /* Parser */;
			targetProxy = 198A6A48194C885E0085588C /* PBXContainerItemProxy */;
		};
/* End PBXTargetDependency section */

/* Begin PBXVariantGroup section */
		198A6A42194C885E0085588C /* InfoPlist.strings */ = {
			isa = PBXVariantGroup;
			children = (
				198A6A43194C885E0085588C /* en */,
			);
			name = InfoPlist.strings;
			sourceTree = "<group>";
		};
/* End PBXVariantGroup section */

/* Begin XCBuildConfiguration section */
		198A6A4A194C885E0085588C /* Debug */ = {
			isa = XCBuildConfiguration;
			buildSettings = {
				FRAMEWORK_SEARCH_PATHS = (
					"$(DEVELOPER_FRAMEWORKS_DIR)",
					"$(inherited)",
				);
				GCC_PRECOMPILE_PREFIX_HEADER = YES;
				GCC_PREFIX_HEADER = "Parser Tests/Parser Tests-Prefix.pch";
				GCC_PREPROCESSOR_DEFINITIONS = (
					"DEBUG=1",
					"$(inherited)",
				);
				INFOPLIST_FILE = "Parser Tests/Parser Tests-Info.plist";
				PRODUCT_NAME = "$(TARGET_NAME)";
				WRAPPER_EXTENSION = xctest;
			};
			name = Debug;
		};
		198A6A4B194C885E0085588C /* Release */ = {
			isa = XCBuildConfiguration;
			buildSettings = {
				FRAMEWORK_SEARCH_PATHS = (
					"$(DEVELOPER_FRAMEWORKS_DIR)",
					"$(inherited)",
				);
				GCC_PRECOMPILE_PREFIX_HEADER = YES;
				GCC_PREFIX_HEADER = "Parser Tests/Parser Tests-Prefix.pch";
				INFOPLIST_FILE = "Parser Tests/Parser Tests-Info.plist";
				PRODUCT_NAME = "$(TARGET_NAME)";
				WRAPPER_EXTENSION = xctest;
			};
			name = Release;
		};
		198DDE94191E279B00B11929 /* Debug */ = {
			isa = XCBuildConfiguration;
			buildSettings = {
				ALWAYS_SEARCH_USER_PATHS = NO;
				CLANG_CXX_LANGUAGE_STANDARD = "gnu++0x";
				CLANG_CXX_LIBRARY = "libc++";
				CLANG_ENABLE_MODULES = YES;
				CLANG_ENABLE_OBJC_ARC = YES;
				CLANG_WARN_BOOL_CONVERSION = YES;
				CLANG_WARN_CONSTANT_CONVERSION = YES;
				CLANG_WARN_DIRECT_OBJC_ISA_USAGE = YES_ERROR;
				CLANG_WARN_EMPTY_BODY = YES;
				CLANG_WARN_ENUM_CONVERSION = YES;
				CLANG_WARN_INT_CONVERSION = YES;
				CLANG_WARN_OBJC_ROOT_CLASS = YES_ERROR;
				CLANG_WARN__DUPLICATE_METHOD_MATCH = YES;
				COPY_PHASE_STRIP = NO;
				GCC_C_LANGUAGE_STANDARD = gnu99;
				GCC_DYNAMIC_NO_PIC = NO;
				GCC_ENABLE_OBJC_EXCEPTIONS = YES;
				GCC_OPTIMIZATION_LEVEL = 0;
				GCC_PREPROCESSOR_DEFINITIONS = (
					"DEBUG=1",
					"$(inherited)",
				);
				GCC_SYMBOLS_PRIVATE_EXTERN = NO;
				GCC_WARN_64_TO_32_BIT_CONVERSION = YES;
				GCC_WARN_ABOUT_RETURN_TYPE = YES_ERROR;
				GCC_WARN_UNDECLARED_SELECTOR = YES;
				GCC_WARN_UNINITIALIZED_AUTOS = YES_AGGRESSIVE;
				GCC_WARN_UNUSED_FUNCTION = YES;
				GCC_WARN_UNUSED_VARIABLE = YES;
				MACOSX_DEPLOYMENT_TARGET = 10.8;
				ONLY_ACTIVE_ARCH = YES;
				SDKROOT = macosx;
			};
			name = Debug;
		};
		198DDE95191E279B00B11929 /* Release */ = {
			isa = XCBuildConfiguration;
			buildSettings = {
				ALWAYS_SEARCH_USER_PATHS = NO;
				CLANG_CXX_LANGUAGE_STANDARD = "gnu++0x";
				CLANG_CXX_LIBRARY = "libc++";
				CLANG_ENABLE_MODULES = YES;
				CLANG_ENABLE_OBJC_ARC = YES;
				CLANG_WARN_BOOL_CONVERSION = YES;
				CLANG_WARN_CONSTANT_CONVERSION = YES;
				CLANG_WARN_DIRECT_OBJC_ISA_USAGE = YES_ERROR;
				CLANG_WARN_EMPTY_BODY = YES;
				CLANG_WARN_ENUM_CONVERSION = YES;
				CLANG_WARN_INT_CONVERSION = YES;
				CLANG_WARN_OBJC_ROOT_CLASS = YES_ERROR;
				CLANG_WARN__DUPLICATE_METHOD_MATCH = YES;
				COPY_PHASE_STRIP = YES;
				DEBUG_INFORMATION_FORMAT = "dwarf-with-dsym";
				ENABLE_NS_ASSERTIONS = NO;
				GCC_C_LANGUAGE_STANDARD = gnu99;
				GCC_ENABLE_OBJC_EXCEPTIONS = YES;
				GCC_WARN_64_TO_32_BIT_CONVERSION = YES;
				GCC_WARN_ABOUT_RETURN_TYPE = YES_ERROR;
				GCC_WARN_UNDECLARED_SELECTOR = YES;
				GCC_WARN_UNINITIALIZED_AUTOS = YES_AGGRESSIVE;
				GCC_WARN_UNUSED_FUNCTION = YES;
				GCC_WARN_UNUSED_VARIABLE = YES;
				MACOSX_DEPLOYMENT_TARGET = 10.8;
				SDKROOT = macosx;
			};
			name = Release;
		};
		198DDE97191E279B00B11929 /* Debug */ = {
			isa = XCBuildConfiguration;
			buildSettings = {
				GCC_PRECOMPILE_PREFIX_HEADER = YES;
				GCC_PREFIX_HEADER = "Parser/Parser-Prefix.pch";
				PRODUCT_NAME = "$(TARGET_NAME)";
			};
			name = Debug;
		};
		198DDE98191E279B00B11929 /* Release */ = {
			isa = XCBuildConfiguration;
			buildSettings = {
				GCC_PRECOMPILE_PREFIX_HEADER = YES;
				GCC_PREFIX_HEADER = "Parser/Parser-Prefix.pch";
				PRODUCT_NAME = "$(TARGET_NAME)";
			};
			name = Release;
		};
/* End XCBuildConfiguration section */

/* Begin XCConfigurationList section */
		198A6A4C194C885E0085588C /* Build configuration list for PBXNativeTarget "Parser Tests" */ = {
			isa = XCConfigurationList;
			buildConfigurations = (
				198A6A4A194C885E0085588C /* Debug */,
				198A6A4B194C885E0085588C /* Release */,
			);
			defaultConfigurationIsVisible = 0;
			defaultConfigurationName = Release;
		};
		198DDE83191E279B00B11929 /* Build configuration list for PBXProject "Parser" */ = {
			isa = XCConfigurationList;
			buildConfigurations = (
				198DDE94191E279B00B11929 /* Debug */,
				198DDE95191E279B00B11929 /* Release */,
			);
			defaultConfigurationIsVisible = 0;
			defaultConfigurationName = Release;
		};
		198DDE96191E279B00B11929 /* Build configuration list for PBXNativeTarget "Parser" */ = {
			isa = XCConfigurationList;
			buildConfigurations = (
				198DDE97191E279B00B11929 /* Debug */,
				198DDE98191E279B00B11929 /* Release */,
			);
			defaultConfigurationIsVisible = 0;
			defaultConfigurationName = Release;
		};
/* End XCConfigurationList section */
	};
	rootObject = 198DDE80191E279B00B11929 /* Project object */;
}
