// !$*UTF8*$!
{
	archiveVersion = 1;
	classes = {
	};
	objectVersion = 46;
	objects = {

/* Begin PBXBuildFile section */
		192F1D27191E483800D98CB6 /* YPDocument.m in Sources */ = {isa = PBXBuildFile; fileRef = 192F1D26191E483800D98CB6 /* YPDocument.m */; };
		19871301192FFB290022A279 /* YPObjectReference.m in Sources */ = {isa = PBXBuildFile; fileRef = 19871300192FFB290022A279 /* YPObjectReference.m */; };
		198807661929F2F300D2770D /* YPObject.m in Sources */ = {isa = PBXBuildFile; fileRef = 198807651929F2F300D2770D /* YPObject.m */; };
		198DDE8C191E279B00B11929 /* Foundation.framework in Frameworks */ = {isa = PBXBuildFile; fileRef = 198DDE8B191E279B00B11929 /* Foundation.framework */; };
		198DDE8F191E279B00B11929 /* main.m in Sources */ = {isa = PBXBuildFile; fileRef = 198DDE8E191E279B00B11929 /* main.m */; };
		198E62421933420700D8C4D7 /* YPDictionary.m in Sources */ = {isa = PBXBuildFile; fileRef = 198E62411933420700D8C4D7 /* YPDictionary.m */; };
		198E62451933422400D8C4D7 /* YPArray.m in Sources */ = {isa = PBXBuildFile; fileRef = 198E62441933422400D8C4D7 /* YPArray.m */; };
		198E6248193342AF00D8C4D7 /* YPString.m in Sources */ = {isa = PBXBuildFile; fileRef = 198E6247193342AF00D8C4D7 /* YPString.m */; };
		198E624B193342C900D8C4D7 /* YPHexString.m in Sources */ = {isa = PBXBuildFile; fileRef = 198E624A193342C900D8C4D7 /* YPHexString.m */; };
		198E624E19334C8200D8C4D7 /* YPBool.m in Sources */ = {isa = PBXBuildFile; fileRef = 198E624D19334C8200D8C4D7 /* YPBool.m */; };
		198E62511933563100D8C4D7 /* YPName.m in Sources */ = {isa = PBXBuildFile; fileRef = 198E62501933563100D8C4D7 /* YPName.m */; };
		1991B7C0192D4A4C009C06FC /* Utils.c in Sources */ = {isa = PBXBuildFile; fileRef = 1991B7BF192D4A4C009C06FC /* Utils.c */; };
		19958FC41935C3880018467C /* YPPages.m in Sources */ = {isa = PBXBuildFile; fileRef = 19958FC31935C3880018467C /* YPPages.m */; };
		19D8FF471933FB79003D557C /* YPNumber.m in Sources */ = {isa = PBXBuildFile; fileRef = 19D8FF461933FB79003D557C /* YPNumber.m */; };
		3E02FE1B1C6B88BD0093CEEF /* YPObjectStream.m in Sources */ = {isa = PBXBuildFile; fileRef = 3E02FE1A1C6B88BD0093CEEF /* YPObjectStream.m */; };
		3E114A2E1C6E9DBD00664230 /* YPXref.m in Sources */ = {isa = PBXBuildFile; fileRef = 3E114A2D1C6E9DBD00664230 /* YPXref.m */; };
		3E114A2F1C6E9DBD00664230 /* YPXref.m in Sources */ = {isa = PBXBuildFile; fileRef = 3E114A2D1C6E9DBD00664230 /* YPXref.m */; };
		3E5BFA551C6D3C050087630B /* libz.1.dylib in Frameworks */ = {isa = PBXBuildFile; fileRef = 3E5BFA531C6D3B910087630B /* libz.1.dylib */; };
		3E5BFA641C6D41930087630B /* YAPDFKit_TestSuite.m in Sources */ = {isa = PBXBuildFile; fileRef = 3E5BFA631C6D41930087630B /* YAPDFKit_TestSuite.m */; };
		3E5BFA6A1C6D428B0087630B /* YPHexString.m in Sources */ = {isa = PBXBuildFile; fileRef = 198E624A193342C900D8C4D7 /* YPHexString.m */; };
		3E5BFA6C1C6D428B0087630B /* YPDictionary.m in Sources */ = {isa = PBXBuildFile; fileRef = 198E62411933420700D8C4D7 /* YPDictionary.m */; };
		3E5BFA6E1C6D428B0087630B /* YPArray.m in Sources */ = {isa = PBXBuildFile; fileRef = 198E62441933422400D8C4D7 /* YPArray.m */; };
		3E5BFA701C6D428B0087630B /* YPBool.m in Sources */ = {isa = PBXBuildFile; fileRef = 198E624D19334C8200D8C4D7 /* YPBool.m */; };
		3E5BFA721C6D428B0087630B /* YPName.m in Sources */ = {isa = PBXBuildFile; fileRef = 198E62501933563100D8C4D7 /* YPName.m */; };
		3E5BFA741C6D428B0087630B /* YPString.m in Sources */ = {isa = PBXBuildFile; fileRef = 198E6247193342AF00D8C4D7 /* YPString.m */; };
		3E5BFA761C6D428B0087630B /* pdfzlib.m in Sources */ = {isa = PBXBuildFile; fileRef = 3EC10EA51C62CA140079C21C /* pdfzlib.m */; };
		3E5BFA781C6D428B0087630B /* Utils.c in Sources */ = {isa = PBXBuildFile; fileRef = 1991B7BF192D4A4C009C06FC /* Utils.c */; };
		3E5BFA7A1C6D428B0087630B /* YPNumber.m in Sources */ = {isa = PBXBuildFile; fileRef = 19D8FF461933FB79003D557C /* YPNumber.m */; };
		3E5BFA7C1C6D428B0087630B /* YPObject.m in Sources */ = {isa = PBXBuildFile; fileRef = 198807651929F2F300D2770D /* YPObject.m */; };
		3E5BFA7E1C6D428B0087630B /* YPObjectStream.m in Sources */ = {isa = PBXBuildFile; fileRef = 3E02FE1A1C6B88BD0093CEEF /* YPObjectStream.m */; };
		3E5BFA801C6D428B0087630B /* YPDocument.m in Sources */ = {isa = PBXBuildFile; fileRef = 192F1D26191E483800D98CB6 /* YPDocument.m */; };
		3E5BFA821C6D428B0087630B /* YPPages.m in Sources */ = {isa = PBXBuildFile; fileRef = 19958FC31935C3880018467C /* YPPages.m */; };
		3E5BFA841C6D428B0087630B /* YPObjectReference.m in Sources */ = {isa = PBXBuildFile; fileRef = 19871300192FFB290022A279 /* YPObjectReference.m */; };
		3E5BFA851C6D43310087630B /* Foundation.framework in Frameworks */ = {isa = PBXBuildFile; fileRef = 198DDE8B191E279B00B11929 /* Foundation.framework */; };
		3E5BFA871C6D45C00087630B /* libz.1.dylib in Frameworks */ = {isa = PBXBuildFile; fileRef = 3E5BFA531C6D3B910087630B /* libz.1.dylib */; };
		3E5BFA891C6DDF020087630B /* 2-page-pages-export.pdf in Resources */ = {isa = PBXBuildFile; fileRef = 3E5BFA881C6DDF020087630B /* 2-page-pages-export.pdf */; };
		3E9250941C73471400744747 /* YPAttribute.m in Sources */ = {isa = PBXBuildFile; fileRef = 3E9250931C73471400744747 /* YPAttribute.m */; };
		3E9250951C73471400744747 /* YPAttribute.m in Sources */ = {isa = PBXBuildFile; fileRef = 3E9250931C73471400744747 /* YPAttribute.m */; };
		3EC10EA61C62CA140079C21C /* pdfzlib.m in Sources */ = {isa = PBXBuildFile; fileRef = 3EC10EA51C62CA140079C21C /* pdfzlib.m */; };
/* End PBXBuildFile section */

/* Begin PBXCopyFilesBuildPhase section */
		198DDE86191E279B00B11929 /* CopyFiles */ = {
			isa = PBXCopyFilesBuildPhase;
			buildActionMask = 2147483647;
			dstPath = /usr/share/man/man1/;
			dstSubfolderSpec = 0;
			files = (
			);
			runOnlyForDeploymentPostprocessing = 1;
		};
/* End PBXCopyFilesBuildPhase section */

/* Begin PBXFileReference section */
		192F1D25191E483800D98CB6 /* YPDocument.h */ = {isa = PBXFileReference; fileEncoding = 4; lastKnownFileType = sourcecode.c.h; lineEnding = 0; path = YPDocument.h; sourceTree = "<group>"; xcLanguageSpecificationIdentifier = xcode.lang.objcpp; };
		192F1D26191E483800D98CB6 /* YPDocument.m */ = {isa = PBXFileReference; fileEncoding = 4; lastKnownFileType = sourcecode.c.objc; lineEnding = 0; path = YPDocument.m; sourceTree = "<group>"; xcLanguageSpecificationIdentifier = xcode.lang.objc; };
		198712FF192FFB290022A279 /* YPObjectReference.h */ = {isa = PBXFileReference; fileEncoding = 4; lastKnownFileType = sourcecode.c.h; path = YPObjectReference.h; sourceTree = "<group>"; };
		19871300192FFB290022A279 /* YPObjectReference.m */ = {isa = PBXFileReference; fileEncoding = 4; lastKnownFileType = sourcecode.c.objc; path = YPObjectReference.m; sourceTree = "<group>"; };
		198807641929F2F300D2770D /* YPObject.h */ = {isa = PBXFileReference; fileEncoding = 4; lastKnownFileType = sourcecode.c.h; path = YPObject.h; sourceTree = "<group>"; };
		198807651929F2F300D2770D /* YPObject.m */ = {isa = PBXFileReference; fileEncoding = 4; lastKnownFileType = sourcecode.c.objc; path = YPObject.m; sourceTree = "<group>"; };
		198A6A3D194C885E0085588C /* XCTest.framework */ = {isa = PBXFileReference; lastKnownFileType = wrapper.framework; name = XCTest.framework; path = Library/Frameworks/XCTest.framework; sourceTree = DEVELOPER_DIR; };
		198DDE88191E279B00B11929 /* YAPDFKit */ = {isa = PBXFileReference; explicitFileType = "compiled.mach-o.executable"; includeInIndex = 0; path = YAPDFKit; sourceTree = BUILT_PRODUCTS_DIR; };
		198DDE8B191E279B00B11929 /* Foundation.framework */ = {isa = PBXFileReference; lastKnownFileType = wrapper.framework; name = Foundation.framework; path = System/Library/Frameworks/Foundation.framework; sourceTree = SDKROOT; };
		198DDE8E191E279B00B11929 /* main.m */ = {isa = PBXFileReference; lastKnownFileType = sourcecode.c.objc; lineEnding = 0; name = main.m; path = YAPDFKit/main.m; sourceTree = SOURCE_ROOT; xcLanguageSpecificationIdentifier = xcode.lang.objc; };
		198DDE91191E279B00B11929 /* YAPDFKit-Prefix.pch */ = {isa = PBXFileReference; lastKnownFileType = sourcecode.c.h; path = "YAPDFKit-Prefix.pch"; sourceTree = "<group>"; };
		198E62401933420700D8C4D7 /* YPDictionary.h */ = {isa = PBXFileReference; fileEncoding = 4; lastKnownFileType = sourcecode.c.h; lineEnding = 0; path = YPDictionary.h; sourceTree = "<group>"; };
		198E62411933420700D8C4D7 /* YPDictionary.m */ = {isa = PBXFileReference; fileEncoding = 4; lastKnownFileType = sourcecode.c.objc; lineEnding = 0; path = YPDictionary.m; sourceTree = "<group>"; };
		198E62431933422400D8C4D7 /* YPArray.h */ = {isa = PBXFileReference; fileEncoding = 4; lastKnownFileType = sourcecode.c.h; lineEnding = 0; path = YPArray.h; sourceTree = "<group>"; xcLanguageSpecificationIdentifier = xcode.lang.objcpp; };
		198E62441933422400D8C4D7 /* YPArray.m */ = {isa = PBXFileReference; fileEncoding = 4; lastKnownFileType = sourcecode.c.objc; lineEnding = 0; path = YPArray.m; sourceTree = "<group>"; xcLanguageSpecificationIdentifier = xcode.lang.objc; };
		198E6246193342AF00D8C4D7 /* YPString.h */ = {isa = PBXFileReference; fileEncoding = 4; lastKnownFileType = sourcecode.c.h; path = YPString.h; sourceTree = "<group>"; };
		198E6247193342AF00D8C4D7 /* YPString.m */ = {isa = PBXFileReference; fileEncoding = 4; lastKnownFileType = sourcecode.c.objc; path = YPString.m; sourceTree = "<group>"; };
		198E6249193342C900D8C4D7 /* YPHexString.h */ = {isa = PBXFileReference; fileEncoding = 4; lastKnownFileType = sourcecode.c.h; path = YPHexString.h; sourceTree = "<group>"; };
		198E624A193342C900D8C4D7 /* YPHexString.m */ = {isa = PBXFileReference; fileEncoding = 4; lastKnownFileType = sourcecode.c.objc; path = YPHexString.m; sourceTree = "<group>"; };
		198E624C19334C8200D8C4D7 /* YPBool.h */ = {isa = PBXFileReference; fileEncoding = 4; lastKnownFileType = sourcecode.c.h; lineEnding = 0; path = YPBool.h; sourceTree = "<group>"; xcLanguageSpecificationIdentifier = xcode.lang.objcpp; };
		198E624D19334C8200D8C4D7 /* YPBool.m */ = {isa = PBXFileReference; fileEncoding = 4; lastKnownFileType = sourcecode.c.objc; lineEnding = 0; path = YPBool.m; sourceTree = "<group>"; xcLanguageSpecificationIdentifier = xcode.lang.objc; };
		198E624F1933563100D8C4D7 /* YPName.h */ = {isa = PBXFileReference; fileEncoding = 4; lastKnownFileType = sourcecode.c.h; path = YPName.h; sourceTree = "<group>"; };
		198E62501933563100D8C4D7 /* YPName.m */ = {isa = PBXFileReference; fileEncoding = 4; lastKnownFileType = sourcecode.c.objc; path = YPName.m; sourceTree = "<group>"; };
		1991B7BE192D4A1B009C06FC /* Utils.h */ = {isa = PBXFileReference; fileEncoding = 4; lastKnownFileType = sourcecode.c.h; path = Utils.h; sourceTree = "<group>"; };
		1991B7BF192D4A4C009C06FC /* Utils.c */ = {isa = PBXFileReference; fileEncoding = 4; lastKnownFileType = sourcecode.c.c; path = Utils.c; sourceTree = "<group>"; };
		19958FC21935C3880018467C /* YPPages.h */ = {isa = PBXFileReference; fileEncoding = 4; lastKnownFileType = sourcecode.c.h; path = YPPages.h; sourceTree = "<group>"; };
		19958FC31935C3880018467C /* YPPages.m */ = {isa = PBXFileReference; fileEncoding = 4; lastKnownFileType = sourcecode.c.objc; path = YPPages.m; sourceTree = "<group>"; };
		19D8FF451933FB79003D557C /* YPNumber.h */ = {isa = PBXFileReference; fileEncoding = 4; lastKnownFileType = sourcecode.c.h; path = YPNumber.h; sourceTree = "<group>"; };
		19D8FF461933FB79003D557C /* YPNumber.m */ = {isa = PBXFileReference; fileEncoding = 4; lastKnownFileType = sourcecode.c.objc; path = YPNumber.m; sourceTree = "<group>"; };
		3E02FE171C6B75810093CEEF /* README.md */ = {isa = PBXFileReference; fileEncoding = 4; lastKnownFileType = net.daringfireball.markdown; path = README.md; sourceTree = "<group>"; };
		3E02FE191C6B88BC0093CEEF /* YPObjectStream.h */ = {isa = PBXFileReference; fileEncoding = 4; lastKnownFileType = sourcecode.c.h; path = YPObjectStream.h; sourceTree = "<group>"; };
		3E02FE1A1C6B88BD0093CEEF /* YPObjectStream.m */ = {isa = PBXFileReference; fileEncoding = 4; lastKnownFileType = sourcecode.c.objc; path = YPObjectStream.m; sourceTree = "<group>"; };
		3E114A2C1C6E9DBD00664230 /* YPXref.h */ = {isa = PBXFileReference; fileEncoding = 4; lastKnownFileType = sourcecode.c.h; path = YPXref.h; sourceTree = "<group>"; };
		3E114A2D1C6E9DBD00664230 /* YPXref.m */ = {isa = PBXFileReference; fileEncoding = 4; lastKnownFileType = sourcecode.c.objc; path = YPXref.m; sourceTree = "<group>"; };
		3E5BFA531C6D3B910087630B /* libz.1.dylib */ = {isa = PBXFileReference; lastKnownFileType = "compiled.mach-o.dylib"; name = libz.1.dylib; path = ../../../../../usr/lib/libz.1.dylib; sourceTree = "<group>"; };
		3E5BFA611C6D41930087630B /* YAPDFKit-TestSuite.xctest */ = {isa = PBXFileReference; explicitFileType = wrapper.cfbundle; includeInIndex = 0; path = "YAPDFKit-TestSuite.xctest"; sourceTree = BUILT_PRODUCTS_DIR; };
		3E5BFA631C6D41930087630B /* YAPDFKit_TestSuite.m */ = {isa = PBXFileReference; lastKnownFileType = sourcecode.c.objc; path = YAPDFKit_TestSuite.m; sourceTree = "<group>"; };
		3E5BFA651C6D41930087630B /* Info.plist */ = {isa = PBXFileReference; lastKnownFileType = text.plist.xml; path = Info.plist; sourceTree = "<group>"; };
		3E5BFA881C6DDF020087630B /* 2-page-pages-export.pdf */ = {isa = PBXFileReference; lastKnownFileType = image.pdf; path = "2-page-pages-export.pdf"; sourceTree = "<group>"; };
		3E9250921C73471400744747 /* YPAttribute.h */ = {isa = PBXFileReference; fileEncoding = 4; lastKnownFileType = sourcecode.c.h; path = YPAttribute.h; sourceTree = "<group>"; };
		3E9250931C73471400744747 /* YPAttribute.m */ = {isa = PBXFileReference; fileEncoding = 4; lastKnownFileType = sourcecode.c.objc; path = YPAttribute.m; sourceTree = "<group>"; };
		3EC10EA41C62CA140079C21C /* pdfzlib.h */ = {isa = PBXFileReference; fileEncoding = 4; lastKnownFileType = sourcecode.c.h; path = pdfzlib.h; sourceTree = "<group>"; };
		3EC10EA51C62CA140079C21C /* pdfzlib.m */ = {isa = PBXFileReference; fileEncoding = 4; lastKnownFileType = sourcecode.c.objc; path = pdfzlib.m; sourceTree = "<group>"; };
/* End PBXFileReference section */

/* Begin PBXFrameworksBuildPhase section */
		198DDE85191E279B00B11929 /* Frameworks */ = {
			isa = PBXFrameworksBuildPhase;
			buildActionMask = 2147483647;
			files = (
				3E5BFA551C6D3C050087630B /* libz.1.dylib in Frameworks */,
				198DDE8C191E279B00B11929 /* Foundation.framework in Frameworks */,
			);
			runOnlyForDeploymentPostprocessing = 0;
		};
		3E5BFA5E1C6D41930087630B /* Frameworks */ = {
			isa = PBXFrameworksBuildPhase;
			buildActionMask = 2147483647;
			files = (
				3E5BFA871C6D45C00087630B /* libz.1.dylib in Frameworks */,
				3E5BFA851C6D43310087630B /* Foundation.framework in Frameworks */,
			);
			runOnlyForDeploymentPostprocessing = 0;
		};
/* End PBXFrameworksBuildPhase section */

/* Begin PBXGroup section */
		198DDE7F191E279B00B11929 = {
			isa = PBXGroup;
			children = (
				3E02FE171C6B75810093CEEF /* README.md */,
				198DDE8D191E279B00B11929 /* YAPDFKit */,
				3E5BFA621C6D41930087630B /* YAPDFKit-TestSuite */,
				198DDE8A191E279B00B11929 /* Frameworks */,
				198DDE89191E279B00B11929 /* Products */,
			);
			sourceTree = "<group>";
		};
		198DDE89191E279B00B11929 /* Products */ = {
			isa = PBXGroup;
			children = (
				198DDE88191E279B00B11929 /* YAPDFKit */,
				3E5BFA611C6D41930087630B /* YAPDFKit-TestSuite.xctest */,
			);
			name = Products;
			sourceTree = "<group>";
		};
		198DDE8A191E279B00B11929 /* Frameworks */ = {
			isa = PBXGroup;
			children = (
				3E5BFA531C6D3B910087630B /* libz.1.dylib */,
				198DDE8B191E279B00B11929 /* Foundation.framework */,
				198A6A3D194C885E0085588C /* XCTest.framework */,
			);
			name = Frameworks;
			sourceTree = "<group>";
		};
		198DDE8D191E279B00B11929 /* YAPDFKit */ = {
			isa = PBXGroup;
			children = (
				3EC10EA81C64DD2D0079C21C /* ObjectAttributes */,
				3EC10EA71C64DCF90079C21C /* Utils */,
				198807641929F2F300D2770D /* YPObject.h */,
				198807651929F2F300D2770D /* YPObject.m */,
				3E9250921C73471400744747 /* YPAttribute.h */,
				3E9250931C73471400744747 /* YPAttribute.m */,
				192F1D25191E483800D98CB6 /* YPDocument.h */,
				192F1D26191E483800D98CB6 /* YPDocument.m */,
				3E114A2C1C6E9DBD00664230 /* YPXref.h */,
				3E114A2D1C6E9DBD00664230 /* YPXref.m */,
				19958FC21935C3880018467C /* YPPages.h */,
				19958FC31935C3880018467C /* YPPages.m */,
				198DDE8E191E279B00B11929 /* main.m */,
				198DDE90191E279B00B11929 /* Supporting Files */,
			);
			path = YAPDFKit;
			sourceTree = "<group>";
		};
		198DDE90191E279B00B11929 /* Supporting Files */ = {
			isa = PBXGroup;
			children = (
				3E5BFA881C6DDF020087630B /* 2-page-pages-export.pdf */,
				198DDE91191E279B00B11929 /* YAPDFKit-Prefix.pch */,
			);
			name = "Supporting Files";
			sourceTree = "<group>";
		};
		3E5BFA621C6D41930087630B /* YAPDFKit-TestSuite */ = {
			isa = PBXGroup;
			children = (
				3E5BFA631C6D41930087630B /* YAPDFKit_TestSuite.m */,
				3E5BFA651C6D41930087630B /* Info.plist */,
			);
			path = "YAPDFKit-TestSuite";
			sourceTree = "<group>";
		};
		3EC10EA71C64DCF90079C21C /* Utils */ = {
			isa = PBXGroup;
			children = (
				3EC10EA41C62CA140079C21C /* pdfzlib.h */,
				3EC10EA51C62CA140079C21C /* pdfzlib.m */,
				1991B7BE192D4A1B009C06FC /* Utils.h */,
				1991B7BF192D4A4C009C06FC /* Utils.c */,
			);
			name = Utils;
			sourceTree = "<group>";
		};
		3EC10EA81C64DD2D0079C21C /* ObjectAttributes */ = {
			isa = PBXGroup;
			children = (
				19D8FF451933FB79003D557C /* YPNumber.h */,
				19D8FF461933FB79003D557C /* YPNumber.m */,
				198712FF192FFB290022A279 /* YPObjectReference.h */,
				19871300192FFB290022A279 /* YPObjectReference.m */,
				3E02FE191C6B88BC0093CEEF /* YPObjectStream.h */,
				3E02FE1A1C6B88BD0093CEEF /* YPObjectStream.m */,
				198E62401933420700D8C4D7 /* YPDictionary.h */,
				198E62411933420700D8C4D7 /* YPDictionary.m */,
				198E6249193342C900D8C4D7 /* YPHexString.h */,
				198E624A193342C900D8C4D7 /* YPHexString.m */,
				198E62431933422400D8C4D7 /* YPArray.h */,
				198E62441933422400D8C4D7 /* YPArray.m */,
				198E624C19334C8200D8C4D7 /* YPBool.h */,
				198E624D19334C8200D8C4D7 /* YPBool.m */,
				198E624F1933563100D8C4D7 /* YPName.h */,
				198E62501933563100D8C4D7 /* YPName.m */,
				198E6246193342AF00D8C4D7 /* YPString.h */,
				198E6247193342AF00D8C4D7 /* YPString.m */,
			);
			name = ObjectAttributes;
			sourceTree = "<group>";
		};
/* End PBXGroup section */

/* Begin PBXNativeTarget section */
		198DDE87191E279B00B11929 /* YAPDFKit */ = {
			isa = PBXNativeTarget;
			buildConfigurationList = 198DDE96191E279B00B11929 /* Build configuration list for PBXNativeTarget "YAPDFKit" */;
			buildPhases = (
				198DDE84191E279B00B11929 /* Sources */,
				198DDE85191E279B00B11929 /* Frameworks */,
				198DDE86191E279B00B11929 /* CopyFiles */,
			);
			buildRules = (
			);
			dependencies = (
			);
			name = YAPDFKit;
			productName = Parser;
			productReference = 198DDE88191E279B00B11929 /* YAPDFKit */;
			productType = "com.apple.product-type.tool";
		};
		3E5BFA601C6D41930087630B /* YAPDFKit-TestSuite */ = {
			isa = PBXNativeTarget;
			buildConfigurationList = 3E5BFA661C6D41930087630B /* Build configuration list for PBXNativeTarget "YAPDFKit-TestSuite" */;
			buildPhases = (
				3E5BFA5D1C6D41930087630B /* Sources */,
				3E5BFA5E1C6D41930087630B /* Frameworks */,
				3E5BFA5F1C6D41930087630B /* Resources */,
			);
			buildRules = (
			);
			dependencies = (
			);
			name = "YAPDFKit-TestSuite";
			productName = "YAPDFKit-TestSuite";
			productReference = 3E5BFA611C6D41930087630B /* YAPDFKit-TestSuite.xctest */;
			productType = "com.apple.product-type.bundle.unit-test";
		};
/* End PBXNativeTarget section */

/* Begin PBXProject section */
		198DDE80191E279B00B11929 /* Project object */ = {
			isa = PBXProject;
			attributes = {
				CLASSPREFIX = "";
				LastUpgradeCheck = 0720;
				ORGANIZATIONNAME = Lingewoud;
				TargetAttributes = {
					3E5BFA601C6D41930087630B = {
						CreatedOnToolsVersion = 7.2.1;
					};
				};
			};
			buildConfigurationList = 198DDE83191E279B00B11929 /* Build configuration list for PBXProject "YAPDFKit" */;
			compatibilityVersion = "Xcode 3.2";
			developmentRegion = English;
			hasScannedForEncodings = 0;
			knownRegions = (
				en,
			);
			mainGroup = 198DDE7F191E279B00B11929;
			productRefGroup = 198DDE89191E279B00B11929 /* Products */;
			projectDirPath = "";
			projectRoot = "";
			targets = (
				198DDE87191E279B00B11929 /* YAPDFKit */,
				3E5BFA601C6D41930087630B /* YAPDFKit-TestSuite */,
			);
		};
/* End PBXProject section */

/* Begin PBXResourcesBuildPhase section */
		3E5BFA5F1C6D41930087630B /* Resources */ = {
			isa = PBXResourcesBuildPhase;
			buildActionMask = 2147483647;
			files = (
				3E5BFA891C6DDF020087630B /* 2-page-pages-export.pdf in Resources */,
			);
			runOnlyForDeploymentPostprocessing = 0;
		};
/* End PBXResourcesBuildPhase section */

/* Begin PBXSourcesBuildPhase section */
		198DDE84191E279B00B11929 /* Sources */ = {
			isa = PBXSourcesBuildPhase;
			buildActionMask = 2147483647;
			files = (
				198DDE8F191E279B00B11929 /* main.m in Sources */,
				3E114A2E1C6E9DBD00664230 /* YPXref.m in Sources */,
				3E9250941C73471400744747 /* YPAttribute.m in Sources */,
				198E62421933420700D8C4D7 /* YPDictionary.m in Sources */,
				3EC10EA61C62CA140079C21C /* pdfzlib.m in Sources */,
				19958FC41935C3880018467C /* YPPages.m in Sources */,
				1991B7C0192D4A4C009C06FC /* Utils.c in Sources */,
				198807661929F2F300D2770D /* YPObject.m in Sources */,
				198E6248193342AF00D8C4D7 /* YPString.m in Sources */,
				192F1D27191E483800D98CB6 /* YPDocument.m in Sources */,
				3E02FE1B1C6B88BD0093CEEF /* YPObjectStream.m in Sources */,
				198E62511933563100D8C4D7 /* YPName.m in Sources */,
				19871301192FFB290022A279 /* YPObjectReference.m in Sources */,
				198E624B193342C900D8C4D7 /* YPHexString.m in Sources */,
				198E62451933422400D8C4D7 /* YPArray.m in Sources */,
				198E624E19334C8200D8C4D7 /* YPBool.m in Sources */,
				19D8FF471933FB79003D557C /* YPNumber.m in Sources */,
			);
			runOnlyForDeploymentPostprocessing = 0;
		};
		3E5BFA5D1C6D41930087630B /* Sources */ = {
			isa = PBXSourcesBuildPhase;
			buildActionMask = 2147483647;
			files = (
				3E5BFA6A1C6D428B0087630B /* YPHexString.m in Sources */,
				3E5BFA6C1C6D428B0087630B /* YPDictionary.m in Sources */,
				3E9250951C73471400744747 /* YPAttribute.m in Sources */,
				3E5BFA6E1C6D428B0087630B /* YPArray.m in Sources */,
				3E5BFA701C6D428B0087630B /* YPBool.m in Sources */,
				3E5BFA721C6D428B0087630B /* YPName.m in Sources */,
				3E5BFA741C6D428B0087630B /* YPString.m in Sources */,
				3E114A2F1C6E9DBD00664230 /* YPXref.m in Sources */,
				3E5BFA761C6D428B0087630B /* pdfzlib.m in Sources */,
				3E5BFA781C6D428B0087630B /* Utils.c in Sources */,
				3E5BFA7A1C6D428B0087630B /* YPNumber.m in Sources */,
				3E5BFA7C1C6D428B0087630B /* YPObject.m in Sources */,
				3E5BFA7E1C6D428B0087630B /* YPObjectStream.m in Sources */,
				3E5BFA801C6D428B0087630B /* YPDocument.m in Sources */,
				3E5BFA821C6D428B0087630B /* YPPages.m in Sources */,
				3E5BFA841C6D428B0087630B /* YPObjectReference.m in Sources */,
				3E5BFA641C6D41930087630B /* YAPDFKit_TestSuite.m in Sources */,
			);
			runOnlyForDeploymentPostprocessing = 0;
		};
/* End PBXSourcesBuildPhase section */

/* Begin XCBuildConfiguration section */
		198DDE94191E279B00B11929 /* Debug */ = {
			isa = XCBuildConfiguration;
			buildSettings = {
				ALWAYS_SEARCH_USER_PATHS = NO;
				CLANG_CXX_LANGUAGE_STANDARD = "gnu++0x";
				CLANG_CXX_LIBRARY = "libc++";
				CLANG_ENABLE_MODULES = YES;
				CLANG_ENABLE_OBJC_ARC = YES;
				CLANG_WARN_BOOL_CONVERSION = YES;
				CLANG_WARN_CONSTANT_CONVERSION = YES;
				CLANG_WARN_DIRECT_OBJC_ISA_USAGE = YES_ERROR;
				CLANG_WARN_EMPTY_BODY = YES;
				CLANG_WARN_ENUM_CONVERSION = YES;
				CLANG_WARN_INT_CONVERSION = YES;
				CLANG_WARN_OBJC_ROOT_CLASS = YES_ERROR;
				CLANG_WARN__DUPLICATE_METHOD_MATCH = YES;
				COPY_PHASE_STRIP = NO;
				ENABLE_TESTABILITY = YES;
				GCC_C_LANGUAGE_STANDARD = gnu99;
				GCC_DYNAMIC_NO_PIC = NO;
				GCC_ENABLE_OBJC_EXCEPTIONS = YES;
				GCC_OPTIMIZATION_LEVEL = 0;
				GCC_PREPROCESSOR_DEFINITIONS = (
					"DEBUG=1",
					"$(inherited)",
				);
				GCC_SYMBOLS_PRIVATE_EXTERN = NO;
				GCC_WARN_64_TO_32_BIT_CONVERSION = YES;
				GCC_WARN_ABOUT_RETURN_TYPE = YES_ERROR;
				GCC_WARN_UNDECLARED_SELECTOR = YES;
				GCC_WARN_UNINITIALIZED_AUTOS = YES_AGGRESSIVE;
				GCC_WARN_UNUSED_FUNCTION = YES;
				GCC_WARN_UNUSED_VARIABLE = YES;
				MACOSX_DEPLOYMENT_TARGET = 10.7;
				ONLY_ACTIVE_ARCH = YES;
				SDKROOT = macosx;
			};
			name = Debug;
		};
		198DDE95191E279B00B11929 /* Release */ = {
			isa = XCBuildConfiguration;
			buildSettings = {
				ALWAYS_SEARCH_USER_PATHS = NO;
				CLANG_CXX_LANGUAGE_STANDARD = "gnu++0x";
				CLANG_CXX_LIBRARY = "libc++";
				CLANG_ENABLE_MODULES = YES;
				CLANG_ENABLE_OBJC_ARC = YES;
				CLANG_WARN_BOOL_CONVERSION = YES;
				CLANG_WARN_CONSTANT_CONVERSION = YES;
				CLANG_WARN_DIRECT_OBJC_ISA_USAGE = YES_ERROR;
				CLANG_WARN_EMPTY_BODY = YES;
				CLANG_WARN_ENUM_CONVERSION = YES;
				CLANG_WARN_INT_CONVERSION = YES;
				CLANG_WARN_OBJC_ROOT_CLASS = YES_ERROR;
				CLANG_WARN__DUPLICATE_METHOD_MATCH = YES;
				COPY_PHASE_STRIP = YES;
				DEBUG_INFORMATION_FORMAT = "dwarf-with-dsym";
				ENABLE_NS_ASSERTIONS = NO;
				GCC_C_LANGUAGE_STANDARD = gnu99;
				GCC_ENABLE_OBJC_EXCEPTIONS = YES;
				GCC_WARN_64_TO_32_BIT_CONVERSION = YES;
				GCC_WARN_ABOUT_RETURN_TYPE = YES_ERROR;
				GCC_WARN_UNDECLARED_SELECTOR = YES;
				GCC_WARN_UNINITIALIZED_AUTOS = YES_AGGRESSIVE;
				GCC_WARN_UNUSED_FUNCTION = YES;
				GCC_WARN_UNUSED_VARIABLE = YES;
				MACOSX_DEPLOYMENT_TARGET = 10.7;
				SDKROOT = macosx;
			};
			name = Release;
		};
		198DDE97191E279B00B11929 /* Debug */ = {
			isa = XCBuildConfiguration;
			buildSettings = {
				GCC_PRECOMPILE_PREFIX_HEADER = YES;
				GCC_PREFIX_HEADER = "YAPDFKit/YAPDFKit-Prefix.pch";
				PRODUCT_NAME = YAPDFKit;
			};
			name = Debug;
		};
		198DDE98191E279B00B11929 /* Release */ = {
			isa = XCBuildConfiguration;
			buildSettings = {
				GCC_PRECOMPILE_PREFIX_HEADER = YES;
				GCC_PREFIX_HEADER = "YAPDFKit/YAPDFKit-Prefix.pch";
				PRODUCT_NAME = YAPDFKit;
			};
			name = Release;
		};
		3E5BFA671C6D41930087630B /* Debug */ = {
			isa = XCBuildConfiguration;
			buildSettings = {
				CLANG_WARN_UNREACHABLE_CODE = YES;
				CODE_SIGN_IDENTITY = "-";
				COMBINE_HIDPI_IMAGES = YES;
				DEBUG_INFORMATION_FORMAT = dwarf;
				ENABLE_STRICT_OBJC_MSGSEND = YES;
				ENABLE_TESTABILITY = YES;
				GCC_NO_COMMON_BLOCKS = YES;
				GCC_PRECOMPILE_PREFIX_HEADER = YES;
				GCC_PREFIX_HEADER = "YAPDFKit/YAPDFKit-Prefix.pch";
				INFOPLIST_FILE = "YAPDFKit-TestSuite/Info.plist";
				LD_RUNPATH_SEARCH_PATHS = "$(inherited) @executable_path/../Frameworks @loader_path/../Frameworks";
				MACOSX_DEPLOYMENT_TARGET = 10.11;
				MTL_ENABLE_DEBUG_INFO = YES;
				PRODUCT_BUNDLE_IDENTIFIER = "com.lingewoud.YAPDFKit-TestSuite";
				PRODUCT_NAME = "$(TARGET_NAME)";
			};
			name = Debug;
		};
		3E5BFA681C6D41930087630B /* Release */ = {
			isa = XCBuildConfiguration;
			buildSettings = {
				CLANG_WARN_UNREACHABLE_CODE = YES;
				CODE_SIGN_IDENTITY = "-";
				COMBINE_HIDPI_IMAGES = YES;
				COPY_PHASE_STRIP = NO;
				ENABLE_STRICT_OBJC_MSGSEND = YES;
				GCC_NO_COMMON_BLOCKS = YES;
				GCC_PRECOMPILE_PREFIX_HEADER = YES;
				GCC_PREFIX_HEADER = "YAPDFKit/YAPDFKit-Prefix.pch";
				INFOPLIST_FILE = "YAPDFKit-TestSuite/Info.plist";
				LD_RUNPATH_SEARCH_PATHS = "$(inherited) @executable_path/../Frameworks @loader_path/../Frameworks";
				MACOSX_DEPLOYMENT_TARGET = 10.11;
				MTL_ENABLE_DEBUG_INFO = NO;
				PRODUCT_BUNDLE_IDENTIFIER = "com.lingewoud.YAPDFKit-TestSuite";
				PRODUCT_NAME = "$(TARGET_NAME)";
			};
			name = Release;
		};
/* End XCBuildConfiguration section */

/* Begin XCConfigurationList section */
		198DDE83191E279B00B11929 /* Build configuration list for PBXProject "YAPDFKit" */ = {
			isa = XCConfigurationList;
			buildConfigurations = (
				198DDE94191E279B00B11929 /* Debug */,
				198DDE95191E279B00B11929 /* Release */,
			);
			defaultConfigurationIsVisible = 0;
			defaultConfigurationName = Release;
		};
		198DDE96191E279B00B11929 /* Build configuration list for PBXNativeTarget "YAPDFKit" */ = {
			isa = XCConfigurationList;
			buildConfigurations = (
				198DDE97191E279B00B11929 /* Debug */,
				198DDE98191E279B00B11929 /* Release */,
			);
			defaultConfigurationIsVisible = 0;
			defaultConfigurationName = Release;
		};
		3E5BFA661C6D41930087630B /* Build configuration list for PBXNativeTarget "YAPDFKit-TestSuite" */ = {
			isa = XCConfigurationList;
			buildConfigurations = (
				3E5BFA671C6D41930087630B /* Debug */,
				3E5BFA681C6D41930087630B /* Release */,
			);
			defaultConfigurationIsVisible = 0;
			defaultConfigurationName = Release;
		};
/* End XCConfigurationList section */
	};
	rootObject = 198DDE80191E279B00B11929 /* Project object */;
}
